
Microsoft Visual Studio Solution File, Format Version 12.00
# Visual Studio 15
VisualStudioVersion = 15.0.28307.1800
MinimumVisualStudioVersion = 10.0.40219.1
Project("{8BC9CEB8-8B4A-11D0-8D11-00A0C91BC942}") = "program", "program\program.vcxproj", "{D7852F84-B7FD-49D7-B8F5-C6BF1F2878CE}"
EndProject
Global
	GlobalSection(SolutionConfigurationPlatforms) = preSolution
		Debug|x64 = Debug|x64
		Debug|x86 = Debug|x86
		Release|x64 = Release|x64
		Release|x86 = Release|x86
	EndGlobalSection
	GlobalSection(ProjectConfigurationPlatforms) = postSolution
		{D7852F84-B7FD-49D7-B8F5-C6BF1F2878CE}.Debug|x64.ActiveCfg = Debug|x64
		{D7852F84-B7FD-49D7-B8F5-C6BF1F2878CE}.Debug|x64.Build.0 = Debug|x64
		{D7852F84-B7FD-49D7-B8F5-C6BF1F2878CE}.Debug|x86.ActiveCfg = Debug|Win32
		{D7852F84-B7FD-49D7-B8F5-C6BF1F2878CE}.Debug|x86.Build.0 = Debug|Win32
		{D7852F84-B7FD-49D7-B8F5-C6BF1F2878CE}.Release|x64.ActiveCfg = Release|x64
		{D7852F84-B7FD-49D7-B8F5-C6BF1F2878CE}.Release|x64.Build.0 = Release|x64
		{D7852F84-B7FD-49D7-B8F5-C6BF1F2878CE}.Release|x86.ActiveCfg = Release|Win32
		{D7852F84-B7FD-49D7-B8F5-C6BF1F2878CE}.Release|x86.Build.0 = Release|Win32
	EndGlobalSection
	GlobalSection(SolutionProperties) = preSolution
		HideSolutionNode = FALSE
	EndGlobalSection
	GlobalSection(ExtensibilityGlobals) = postSolution
		SolutionGuid = {11FA4CAD-9B26-4772-98B6-A49BB619487C}
	EndGlobalSection
EndGlobal
